
Microsoft Visual Studio Solution File, Format Version 12.00
# Visual Studio 2013
VisualStudioVersion = 12.0.31101.0
MinimumVisualStudioVersion = 10.0.40219.1
Project("{FAE04EC0-301F-11D3-BF4B-00C04F79EFBC}") = "HTML5 HomeworkLesson3", "HTML5 HomeworkLesson3\HTML5 HomeworkLesson3.csproj", "{E1580702-5FD4-4F25-B91D-E1699047F894}"
EndProject
Project("{FAE04EC0-301F-11D3-BF4B-00C04F79EFBC}") = "Problem2", "Problem2\Problem2.csproj", "{B740D634-0215-49D7-AC06-78D1A9001FB0}"
EndProject
Project("{FAE04EC0-301F-11D3-BF4B-00C04F79EFBC}") = "Problem3", "Problem3\Problem3.csproj", "{FFD75252-5397-41E6-9917-D5C3B0043CF0}"
EndProject
Project("{FAE04EC0-301F-11D3-BF4B-00C04F79EFBC}") = "Problem4", "Problem4\Problem4.csproj", "{5B543A63-7383-4690-BFA6-620A3F670779}"
EndProject
Global
	GlobalSection(SolutionConfigurationPlatforms) = preSolution
		Debug|Any CPU = Debug|Any CPU
		Release|Any CPU = Release|Any CPU
	EndGlobalSection
	GlobalSection(ProjectConfigurationPlatforms) = postSolution
		{E1580702-5FD4-4F25-B91D-E1699047F894}.Debug|Any CPU.ActiveCfg = Debug|Any CPU
		{E1580702-5FD4-4F25-B91D-E1699047F894}.Debug|Any CPU.Build.0 = Debug|Any CPU
		{E1580702-5FD4-4F25-B91D-E1699047F894}.Release|Any CPU.ActiveCfg = Release|Any CPU
		{E1580702-5FD4-4F25-B91D-E1699047F894}.Release|Any CPU.Build.0 = Release|Any CPU
		{B740D634-0215-49D7-AC06-78D1A9001FB0}.Debug|Any CPU.ActiveCfg = Debug|Any CPU
		{B740D634-0215-49D7-AC06-78D1A9001FB0}.Debug|Any CPU.Build.0 = Debug|Any CPU
		{B740D634-0215-49D7-AC06-78D1A9001FB0}.Release|Any CPU.ActiveCfg = Release|Any CPU
		{B740D634-0215-49D7-AC06-78D1A9001FB0}.Release|Any CPU.Build.0 = Release|Any CPU
		{FFD75252-5397-41E6-9917-D5C3B0043CF0}.Debug|Any CPU.ActiveCfg = Debug|Any CPU
		{FFD75252-5397-41E6-9917-D5C3B0043CF0}.Debug|Any CPU.Build.0 = Debug|Any CPU
		{FFD75252-5397-41E6-9917-D5C3B0043CF0}.Release|Any CPU.ActiveCfg = Release|Any CPU
		{FFD75252-5397-41E6-9917-D5C3B0043CF0}.Release|Any CPU.Build.0 = Release|Any CPU
		{5B543A63-7383-4690-BFA6-620A3F670779}.Debug|Any CPU.ActiveCfg = Debug|Any CPU
		{5B543A63-7383-4690-BFA6-620A3F670779}.Debug|Any CPU.Build.0 = Debug|Any CPU
		{5B543A63-7383-4690-BFA6-620A3F670779}.Release|Any CPU.ActiveCfg = Release|Any CPU
		{5B543A63-7383-4690-BFA6-620A3F670779}.Release|Any CPU.Build.0 = Release|Any CPU
	EndGlobalSection
	GlobalSection(SolutionProperties) = preSolution
		HideSolutionNode = FALSE
	EndGlobalSection
EndGlobal
